
Microsoft Visual Studio Solution File, Format Version 12.00
# Visual Studio Version 16
VisualStudioVersion = 16.0.31702.278
MinimumVisualStudioVersion = 10.0.40219.1
Project("{FAE04EC0-301F-11D3-BF4B-00C04F79EFBC}") = "DemoApplicationGit.Android", "DemoApplicationGit.Android\DemoApplicationGit.Android.csproj", "{17224735-708C-41E6-9680-232C327EF9A3}"
EndProject
Project("{FAE04EC0-301F-11D3-BF4B-00C04F79EFBC}") = "DemoApplicationGit.iOS", "DemoApplicationGit.iOS\DemoApplicationGit.iOS.csproj", "{21822DF4-4FA0-4772-9538-3D5D7427BE42}"
EndProject
Project("{FAE04EC0-301F-11D3-BF4B-00C04F79EFBC}") = "DemoApplicationGit", "DemoApplicationGit\DemoApplicationGit.csproj", "{30B1BD1E-1826-40FD-905F-F84C6ECA8BFE}"
EndProject
Global
	GlobalSection(SolutionConfigurationPlatforms) = preSolution
		Debug|Any CPU = Debug|Any CPU
		Debug|iPhone = Debug|iPhone
		Debug|iPhoneSimulator = Debug|iPhoneSimulator
		Release|Any CPU = Release|Any CPU
		Release|iPhone = Release|iPhone
		Release|iPhoneSimulator = Release|iPhoneSimulator
	EndGlobalSection
	GlobalSection(ProjectConfigurationPlatforms) = postSolution
		{17224735-708C-41E6-9680-232C327EF9A3}.Debug|Any CPU.ActiveCfg = Debug|Any CPU
		{17224735-708C-41E6-9680-232C327EF9A3}.Debug|Any CPU.Build.0 = Debug|Any CPU
		{17224735-708C-41E6-9680-232C327EF9A3}.Debug|Any CPU.Deploy.0 = Debug|Any CPU
		{17224735-708C-41E6-9680-232C327EF9A3}.Debug|iPhone.ActiveCfg = Debug|Any CPU
		{17224735-708C-41E6-9680-232C327EF9A3}.Debug|iPhone.Build.0 = Debug|Any CPU
		{17224735-708C-41E6-9680-232C327EF9A3}.Debug|iPhone.Deploy.0 = Debug|Any CPU
		{17224735-708C-41E6-9680-232C327EF9A3}.Debug|iPhoneSimulator.ActiveCfg = Debug|Any CPU
		{17224735-708C-41E6-9680-232C327EF9A3}.Debug|iPhoneSimulator.Build.0 = Debug|Any CPU
		{17224735-708C-41E6-9680-232C327EF9A3}.Debug|iPhoneSimulator.Deploy.0 = Debug|Any CPU
		{17224735-708C-41E6-9680-232C327EF9A3}.Release|Any CPU.ActiveCfg = Release|Any CPU
		{17224735-708C-41E6-9680-232C327EF9A3}.Release|Any CPU.Build.0 = Release|Any CPU
		{17224735-708C-41E6-9680-232C327EF9A3}.Release|Any CPU.Deploy.0 = Release|Any CPU
		{17224735-708C-41E6-9680-232C327EF9A3}.Release|iPhone.ActiveCfg = Release|Any CPU
		{17224735-708C-41E6-9680-232C327EF9A3}.Release|iPhone.Build.0 = Release|Any CPU
		{17224735-708C-41E6-9680-232C327EF9A3}.Release|iPhone.Deploy.0 = Release|Any CPU
		{17224735-708C-41E6-9680-232C327EF9A3}.Release|iPhoneSimulator.ActiveCfg = Release|Any CPU
		{17224735-708C-41E6-9680-232C327EF9A3}.Release|iPhoneSimulator.Build.0 = Release|Any CPU
		{17224735-708C-41E6-9680-232C327EF9A3}.Release|iPhoneSimulator.Deploy.0 = Release|Any CPU
		{21822DF4-4FA0-4772-9538-3D5D7427BE42}.Debug|Any CPU.ActiveCfg = Debug|iPhone
		{21822DF4-4FA0-4772-9538-3D5D7427BE42}.Debug|Any CPU.Build.0 = Debug|iPhone
		{21822DF4-4FA0-4772-9538-3D5D7427BE42}.Debug|Any CPU.Deploy.0 = Debug|iPhone
		{21822DF4-4FA0-4772-9538-3D5D7427BE42}.Debug|iPhone.ActiveCfg = Debug|iPhone
		{21822DF4-4FA0-4772-9538-3D5D7427BE42}.Debug|iPhone.Build.0 = Debug|iPhone
		{21822DF4-4FA0-4772-9538-3D5D7427BE42}.Debug|iPhone.Deploy.0 = Debug|iPhone
		{21822DF4-4FA0-4772-9538-3D5D7427BE42}.Debug|iPhoneSimulator.ActiveCfg = Debug|iPhoneSimulator
		{21822DF4-4FA0-4772-9538-3D5D7427BE42}.Debug|iPhoneSimulator.Build.0 = Debug|iPhoneSimulator
		{21822DF4-4FA0-4772-9538-3D5D7427BE42}.Debug|iPhoneSimulator.Deploy.0 = Debug|iPhoneSimulator
		{21822DF4-4FA0-4772-9538-3D5D7427BE42}.Release|Any CPU.ActiveCfg = Release|iPhoneSimulator
		{21822DF4-4FA0-4772-9538-3D5D7427BE42}.Release|Any CPU.Build.0 = Release|iPhoneSimulator
		{21822DF4-4FA0-4772-9538-3D5D7427BE42}.Release|Any CPU.Deploy.0 = Release|iPhoneSimulator
		{21822DF4-4FA0-4772-9538-3D5D7427BE42}.Release|iPhone.ActiveCfg = Release|iPhone
		{21822DF4-4FA0-4772-9538-3D5D7427BE42}.Release|iPhone.Build.0 = Release|iPhone
		{21822DF4-4FA0-4772-9538-3D5D7427BE42}.Release|iPhone.Deploy.0 = Release|iPhone
		{21822DF4-4FA0-4772-9538-3D5D7427BE42}.Release|iPhoneSimulator.ActiveCfg = Release|iPhoneSimulator
		{21822DF4-4FA0-4772-9538-3D5D7427BE42}.Release|iPhoneSimulator.Build.0 = Release|iPhoneSimulator
		{21822DF4-4FA0-4772-9538-3D5D7427BE42}.Release|iPhoneSimulator.Deploy.0 = Release|iPhoneSimulator
		{30B1BD1E-1826-40FD-905F-F84C6ECA8BFE}.Debug|Any CPU.ActiveCfg = Debug|Any CPU
		{30B1BD1E-1826-40FD-905F-F84C6ECA8BFE}.Debug|Any CPU.Build.0 = Debug|Any CPU
		{30B1BD1E-1826-40FD-905F-F84C6ECA8BFE}.Debug|Any CPU.Deploy.0 = Debug|Any CPU
		{30B1BD1E-1826-40FD-905F-F84C6ECA8BFE}.Debug|iPhone.ActiveCfg = Debug|Any CPU
		{30B1BD1E-1826-40FD-905F-F84C6ECA8BFE}.Debug|iPhone.Build.0 = Debug|Any CPU
		{30B1BD1E-1826-40FD-905F-F84C6ECA8BFE}.Debug|iPhone.Deploy.0 = Debug|Any CPU
		{30B1BD1E-1826-40FD-905F-F84C6ECA8BFE}.Debug|iPhoneSimulator.ActiveCfg = Debug|Any CPU
		{30B1BD1E-1826-40FD-905F-F84C6ECA8BFE}.Debug|iPhoneSimulator.Build.0 = Debug|Any CPU
		{30B1BD1E-1826-40FD-905F-F84C6ECA8BFE}.Debug|iPhoneSimulator.Deploy.0 = Debug|Any CPU
		{30B1BD1E-1826-40FD-905F-F84C6ECA8BFE}.Release|Any CPU.ActiveCfg = Release|Any CPU
		{30B1BD1E-1826-40FD-905F-F84C6ECA8BFE}.Release|Any CPU.Build.0 = Release|Any CPU
		{30B1BD1E-1826-40FD-905F-F84C6ECA8BFE}.Release|Any CPU.Deploy.0 = Release|Any CPU
		{30B1BD1E-1826-40FD-905F-F84C6ECA8BFE}.Release|iPhone.ActiveCfg = Release|Any CPU
		{30B1BD1E-1826-40FD-905F-F84C6ECA8BFE}.Release|iPhone.Build.0 = Release|Any CPU
		{30B1BD1E-1826-40FD-905F-F84C6ECA8BFE}.Release|iPhone.Deploy.0 = Release|Any CPU
		{30B1BD1E-1826-40FD-905F-F84C6ECA8BFE}.Release|iPhoneSimulator.ActiveCfg = Release|Any CPU
		{30B1BD1E-1826-40FD-905F-F84C6ECA8BFE}.Release|iPhoneSimulator.Build.0 = Release|Any CPU
		{30B1BD1E-1826-40FD-905F-F84C6ECA8BFE}.Release|iPhoneSimulator.Deploy.0 = Release|Any CPU
	EndGlobalSection
	GlobalSection(SolutionProperties) = preSolution
		HideSolutionNode = FALSE
	EndGlobalSection
	GlobalSection(ExtensibilityGlobals) = postSolution
		SolutionGuid = {E96CBEEF-0DC2-4250-9881-D3BF5FFBF577}
	EndGlobalSection
EndGlobal
